{
  "name": "three-auto",
  "version": "0.3.4",
  "lockfileVersion": 3,
  "requires": true,
  "packages": {
    "": {
      "name": "three-auto",
      "version": "0.3.4",
      "dependencies": {
        "camera-controls": "^3.1.2",
        "lil-gui": "^0.19.2"
      },
      "devDependencies": {
        "d3-geo": "^3.1.0",
        "gsap": "^3.12.5",
        "postprocessing": "^6.36.0",
        "vite-plugin-html": "^3.2.2"
      },
      "peerDependencies": {
        "three": ">=0.154"
      }
    },
    "../../node_modules/.pnpm/d3-geo@3.1.1/node_modules/d3-geo": {
      "version": "3.1.1",
      "dev": true,
      "license": "ISC",
      "dependencies": {
        "d3-array": "2.5.0 - 3"
      },
      "devDependencies": {
        "@rollup/plugin-terser": "0.4",
        "canvas": "2",
        "d3-format": "1 - 3",
        "eslint": "8",
        "mocha": "10",
        "pixelmatch": "5",
        "pngjs": "6",
        "rollup": "3",
        "topojson-client": "3",
        "world-atlas": "1"
      },
      "engines": {
        "node": ">=12"
      }
    },
    "../../node_modules/.pnpm/gsap@3.12.5/node_modules/gsap": {
      "version": "3.12.5",
      "dev": true,
      "license": "Standard 'no charge' license: https://gsap.com/standard-license. Club GSAP members get more: https://gsap.com/licensing/. Why GreenSock doesn't employ an MIT license: https://gsap.com/why-license/"
    },
    "../../node_modules/.pnpm/lil-gui@0.19.2/node_modules/lil-gui": {
      "version": "0.19.2",
      "license": "MIT",
      "devDependencies": {
        "browser-sync": "^2.27.7",
        "concurrently": "^6.3.0",
        "cssnano": "^5.0.12",
        "eslint": "^8.1.0",
        "eslint-plugin-jsdoc": "^40.1.0",
        "handlebars": "^4.3.1",
        "highlight.js": "^10.7.3",
        "jsdoc-api": "^8.0.0",
        "markdown-it": "^12.3.2",
        "onchange": "^6.0.0",
        "postcss": "^8.4.4",
        "postcss-cli": "^9.0.2",
        "postcss-combine-media-query": "^1.0.1",
        "rimraf": "^3.0.2",
        "rollup": "^1.17.0",
        "sass": "^1.22.10",
        "terser": "^4.3.8",
        "typescript": "~5.1.3",
        "webfont": "^11.2.26"
      }
    },
    "../../node_modules/.pnpm/postprocessing@6.36.3/node_modules/postprocessing": {
      "version": "6.36.3",
      "dev": true,
      "license": "Zlib",
      "devDependencies": {
        "@tweakpane/core": "2.x.x",
        "@types/three": "0.x.x",
        "@typescript-eslint/eslint-plugin": "8.x.x",
        "@typescript-eslint/parser": "8.x.x",
        "autoprefixer": "10.x.x",
        "ava": "6.x.x",
        "cpy-cli": "5.x.x",
        "cssnano": "7.x.x",
        "dat.gui": "0.x.x",
        "del-cli": "5.x.x",
        "esbuild": "0.24.x",
        "esbuild-plugin-glsl": "1.x.x",
        "esdoc": "1.x.x",
        "esdoc-importpath-plugin": "1.x.x",
        "esdoc-standard-plugin": "1.x.x",
        "eslint": "9.x.x",
        "eslint-config-aether": "2.x.x",
        "gzipper": "8.x.x",
        "hugo-bin": "0.x.x",
        "npm-run-all": "4.x.x",
        "postcss": "8.x.x",
        "postcss-cli": "11.x.x",
        "postcss-preset-env": "10.x.x",
        "sass": "1.x.x",
        "spatial-controls": "6.x.x",
        "stylelint": "16.x.x",
        "stylelint-config-standard-scss": "13.x.x",
        "stylelint-order": "6.x.x",
        "three": "0.x.x",
        "three-demo": "5.x.x",
        "tiny-glob": "0.x.x",
        "tslib": "2.x.x",
        "tweakpane": "4.x.x",
        "typescript": "5.x.x"
      },
      "peerDependencies": {
        "three": ">= 0.157.0 < 0.170.0"
      }
    },
    "../../node_modules/.pnpm/vite-plugin-html@3.2.2/node_modules/vite-plugin-html": {
      "version": "3.2.2",
      "dev": true,
      "license": "MIT",
      "dependencies": {
        "@rollup/pluginutils": "^4.2.0",
        "colorette": "^2.0.16",
        "connect-history-api-fallback": "^1.6.0",
        "consola": "^2.15.3",
        "dotenv": "^16.0.0",
        "dotenv-expand": "^8.0.2",
        "ejs": "^3.1.6",
        "fast-glob": "^3.2.11",
        "fs-extra": "^10.0.1",
        "html-minifier-terser": "^6.1.0",
        "node-html-parser": "^5.3.3",
        "pathe": "^0.2.0"
      },
      "devDependencies": {
        "@babel/types": "^7.17.0",
        "@types/ejs": "^3.1.0",
        "@types/fs-extra": "^9.0.13",
        "@types/html-minifier-terser": "^6.1.0",
        "@types/node": "^17.0.21",
        "typescript": "^4.6.2",
        "vite": "^2.8.6"
      },
      "peerDependencies": {
        "vite": ">=2.0.0"
      }
    },
    "node_modules/camera-controls": {
      "version": "3.1.2",
      "resolved": "https://registry.npmjs.org/camera-controls/-/camera-controls-3.1.2.tgz",
      "integrity": "sha512-xkxfpG2ECZ6Ww5/9+kf4mfg1VEYAoe9aDSY+IwF0UEs7qEzwy0aVRfs2grImIECs/PoBtWFrh7RXsQkwG922JA==",
      "engines": {
        "node": ">=22.0.0",
        "npm": ">=10.5.1"
      },
      "peerDependencies": {
        "three": ">=0.126.1"
      }
    },
    "node_modules/d3-geo": {
      "resolved": "../../node_modules/.pnpm/d3-geo@3.1.1/node_modules/d3-geo",
      "link": true
    },
    "node_modules/gsap": {
      "resolved": "../../node_modules/.pnpm/gsap@3.12.5/node_modules/gsap",
      "link": true
    },
    "node_modules/lil-gui": {
      "resolved": "../../node_modules/.pnpm/lil-gui@0.19.2/node_modules/lil-gui",
      "link": true
    },
    "node_modules/postprocessing": {
      "resolved": "../../node_modules/.pnpm/postprocessing@6.36.3/node_modules/postprocessing",
      "link": true
    },
    "node_modules/three": {
      "version": "0.185.1",
      "resolved": "https://registry.npmjs.org/three/-/three-0.185.1.tgz",
      "integrity": "sha512-5aojFCXKwnjBRZvUnt3WFfEcvUJgkN5LlijRFN95hMy8WVkG4I0QNcJE+OuWvuJ0bOdStrbfXn0pkd6/QyiAlg==",
      "peer": true
    },
    "node_modules/vite-plugin-html": {
      "resolved": "../../node_modules/.pnpm/vite-plugin-html@3.2.2/node_modules/vite-plugin-html",
      "link": true
    }
  }
}
